<?xml version="1.0" encoding="utf-8"?>
<Project ToolsVersion="4.0" xmlns="http://schemas.microsoft.com/developer/msbuild/2003">
  <ItemGroup>
    <ClCompile Include="src\BL\BusinessLogic.cpp" />
    <ClCompile Include="src\Controller.cpp" />
    <ClCompile Include="src\Cryptography\SaltGenerator.cpp" />
    <ClCompile Include="src\main.cpp" />
    <ClCompile Include="src\Models\Card.cpp" />
    <ClCompile Include="src\Routers\IRouter.cpp" />
    <ClCompile Include="src\Routers\BalanceRouter.cpp" />
    <ClCompile Include="src\Routers\UserRouter.cpp" />
    <ClCompile Include="src\utility\DBHandler.cpp" />
    <ClCompile Include="src\Cryptography\Hashing.cpp" />
    <ClCompile Include="src\Utility\TerminationWaiter.cpp" />
    <ClCompile Include="src\Utility\UtilityFunctions.cpp" />
    <ClCompile Include="src\Utility\Validation.cpp" />
  </ItemGroup>
  <ItemGroup>
    <ClInclude Include="src\BL\BusinessLogic.h" />
    <ClInclude Include="src\Cryptography\SaltGenerator.h" />
    <ClInclude Include="src\Errors\CantAuthorize.h" />
    <ClInclude Include="src\Errors\IError.h" />
    <ClInclude Include="src\Errors\InternalError.h" />
    <ClInclude Include="src\Errors\InvalidArgument.h" />
    <ClInclude Include="src\Errors\NotFound.h" />
    <ClInclude Include="src\Models\Card.h" />
    <ClInclude Include="src\Routers\IRouter.h" />
    <ClInclude Include="src\Controller.h" />
    <ClInclude Include="src\Routers\BalanceRouter.h" />
    <ClInclude Include="src\Routers\UserRouter.h" />
    <ClInclude Include="src\utility\DBHandler.h" />
    <ClInclude Include="src\Cryptography\Hashing.h" />
    <ClInclude Include="src\Utility\TerminationWaiter.h" />
    <ClInclude Include="src\Utility\UtilityFunctions.h" />
    <ClInclude Include="src\Utility\Validation.h" />
    <ClCompile Include="src\main.cpp">
      <Filter>Source Files</Filter>
    </ClCompile>
    <ClCompile Include="src\Utility\TerminationWaiter.cpp">
      <Filter>Source Files</Filter>
    </ClCompile>
    <ClCompile Include="src\Controller.cpp">
      <Filter>Source Files</Filter>
    </ClCompile>
    <ClCompile Include="src\Utility\UtilityFunctions.cpp">
      <Filter>Source Files</Filter>
    </ClCompile>
    <ClCompile Include="src\Routers\IRouter.cpp">
      <Filter>Source Files</Filter>
    </ClCompile>
    <ClCompile Include="src\utility\DBHandler.cpp">
      <Filter>Source Files</Filter>
    </ClCompile>
    <ClCompile Include="src\Routers\UserRouter.cpp">
      <Filter>Source Files</Filter>
    </ClCompile>
    <ClCompile Include="src\Routers\BalanceRouter.cpp">
      <Filter>Source Files</Filter>
    </ClCompile>
    <ClCompile Include="src\Cryptography\SaltGenerator.cpp">
      <Filter>Source Files</Filter>
    </ClCompile>
    <ClCompile Include="src\Cryptography\Hashing.cpp">
      <Filter>Source Files</Filter>
    </ClCompile>
    <ClCompile Include="src\BL\BusinessLogic.cpp">
      <Filter>Source Files</Filter>
    </ClCompile>
    <ClCompile Include="src\Utility\Validation.cpp">
      <Filter>Source Files</Filter>
    </ClCompile>
    <ClCompile Include="src\Models\Card.cpp">
      <Filter>Source Files</Filter>
    </ClCompile>
  </ItemGroup>
  <ItemGroup>
    <ClInclude Include="src\Utility\TerminationWaiter.h">
      <Filter>Header Files</Filter>
    </ClInclude>
    <ClInclude Include="src\Controller.h">
      <Filter>Header Files</Filter>
    </ClInclude>
    <ClInclude Include="src\Routers\IRouter.h">
      <Filter>Header Files</Filter>
    </ClInclude>
    <ClInclude Include="src\Utility\UtilityFunctions.h">
      <Filter>Header Files</Filter>
    </ClInclude>
    <ClInclude Include="src\Routers\UserRouter.h">
      <Filter>Header Files</Filter>
    </ClInclude>
    <ClInclude Include="src\Routers\BalanceRouter.h">
      <Filter>Header Files</Filter>
    </ClInclude>
    <ClInclude Include="src\utility\DBHandler.h">
    <ClInclude Include="src\Cryptography\SaltGenerator.h">
      <Filter>Header Files</Filter>
    </ClInclude>
    <ClInclude Include="src\Cryptography\Hashing.h">
      <Filter>Header Files</Filter>
    </ClInclude>
    <ClInclude Include="src\BL\BusinessLogic.h">
      <Filter>Header Files</Filter>
    </ClInclude>
    <ClInclude Include="src\Utility\Validation.h">
      <Filter>Header Files</Filter>
    </ClInclude>
    <ClInclude Include="src\Errors\IError.h">
      <Filter>Header Files</Filter>
    </ClInclude>
    <ClInclude Include="src\Errors\InvalidArgument.h">
      <Filter>Header Files</Filter>
    </ClInclude>
    <ClInclude Include="src\Errors\InternalError.h">
      <Filter>Header Files</Filter>
    </ClInclude>
    <ClInclude Include="src\Models\Card.h">
      <Filter>Header Files</Filter>
    </ClInclude>
    <ClInclude Include="src\Errors\NotFound.h">
      <Filter>Header Files</Filter>
    </ClInclude>
    <ClInclude Include="src\Errors\CantAuthorize.h">
      <Filter>Header Files</Filter>
    </ClInclude>
  </ItemGroup>
</Project>