<?xml version="1.0" encoding="utf-8"?>
<Project ToolsVersion="4.0" xmlns="http://schemas.microsoft.com/developer/msbuild/2003">
  <ItemGroup>
    <ClCompile Include="src\BL\BusinessLogic.cpp" />
    <ClCompile Include="src\Controller.cpp" />
    <ClCompile Include="src\Cryptography\SaltGenerator.cpp" />
    <ClCompile Include="src\main.cpp" />
    <ClCompile Include="src\Models\Card.cpp" />
    <ClCompile Include="src\Routers\IRouter.cpp" />
    <ClCompile Include="src\Routers\BalanceRouter.cpp" />
    <ClCompile Include="src\Routers\UserRouter.cpp" />
    <ClCompile Include="src\utility\DBHandler.cpp" />
    <ClCompile Include="src\Cryptography\Hashing.cpp" />
    <ClCompile Include="src\Utility\TerminationWaiter.cpp" />
    <ClCompile Include="src\Utility\UtilityFunctions.cpp" />
    <ClCompile Include="src\Utility\Validation.cpp" />
  </ItemGroup>
  <ItemGroup>
    <ClInclude Include="src\BL\BusinessLogic.h" />
    <ClInclude Include="src\Cryptography\SaltGenerator.h" />
    <ClInclude Include="src\Errors\CantAuthorize.h" />
    <ClInclude Include="src\Errors\IError.h" />
    <ClInclude Include="src\Errors\InternalError.h" />
    <ClInclude Include="src\Errors\InvalidArgument.h" />
    <ClInclude Include="src\Errors\NotFound.h" />
    <ClInclude Include="src\Models\Card.h" />
    <ClInclude Include="src\Routers\IRouter.h" />
    <ClInclude Include="src\Controller.h" />
    <ClInclude Include="src\Routers\BalanceRouter.h" />
    <ClInclude Include="src\Routers\UserRouter.h" />
    <ClInclude Include="src\utility\DBHandler.h" />
    <ClInclude Include="src\Cryptography\Hashing.h" />
    <ClInclude Include="src\Utility\TerminationWaiter.h" />
    <ClInclude Include="src\Utility\UtilityFunctions.h" />
    <ClInclude Include="src\Utility\Validation.h" />
  </ItemGroup>
</Project>